<?xml version="1.0" encoding="utf-8"?>
<Project ToolsVersion="4.0" xmlns="http://schemas.microsoft.com/developer/msbuild/2003">
  <ItemGroup>
    <Filter Include="源文件">
      <UniqueIdentifier>{4FC737F1-C7A5-4376-A066-2A32D752A2FF}</UniqueIdentifier>
      <Extensions>cpp;c;cc;cxx;def;odl;idl;hpj;bat;asm;asmx</Extensions>
    </Filter>
    <Filter Include="头文件">
      <UniqueIdentifier>{93995380-89BD-4b04-88EB-625FBE52EBFB}</UniqueIdentifier>
      <Extensions>h;hh;hpp;hxx;hm;inl;inc;xsd</Extensions>
    </Filter>
    <Filter Include="资源文件">
      <UniqueIdentifier>{67DA6AB6-F800-4c08-8B7A-83BB121AAD01}</UniqueIdentifier>
      <Extensions>rc;ico;cur;bmp;dlg;rc2;rct;bin;rgs;gif;jpg;jpeg;jpe;resx;tiff;tif;png;wav;mfcribbon-ms</Extensions>
    </Filter>
    <Filter Include="Effects">
      <UniqueIdentifier>{3df6f736-b267-4a5a-8b5a-b7778c206171}</UniqueIdentifier>
    </Filter>
    <Filter Include="Demos">
      <UniqueIdentifier>{68ecb1a5-a62f-42d5-8fb9-b55cd952bd7c}</UniqueIdentifier>
    </Filter>
    <Filter Include="Utils">
      <UniqueIdentifier>{7544628b-5ad4-4b9d-8a83-0b7879f230fb}</UniqueIdentifier>
    </Filter>
  </ItemGroup>
  <ItemGroup>
    <ClCompile Include="main.cpp">
      <Filter>源文件</Filter>
    </ClCompile>
    <ClCompile Include="CoreDevice.cpp">
      <Filter>源文件</Filter>
    </ClCompile>
    <ClCompile Include="utils\Timer.cpp">
      <Filter>Utils</Filter>
    </ClCompile>
    <ClCompile Include="demos\InitDemo.cpp">
      <Filter>Demos</Filter>
    </ClCompile>
    <ClCompile Include="utils\PolygonBuilder.cpp">
      <Filter>Utils</Filter>
    </ClCompile>
    <ClCompile Include="utils\CoreEffect.cpp">
      <Filter>Utils</Filter>
    </ClCompile>
    <ClCompile Include="utils\BasicCamera.cpp">
      <Filter>Utils</Filter>
    </ClCompile>
    <ClCompile Include="utils\CoreUtils.cpp">
      <Filter>Utils</Filter>
    </ClCompile>
    <ClCompile Include="demos\texDemo.cpp">
      <Filter>Demos</Filter>
    </ClCompile>
  </ItemGroup>
  <ItemGroup>
    <ClInclude Include="CoreDevice.h">
      <Filter>头文件</Filter>
    </ClInclude>
    <ClInclude Include="utils\CoreUtils.h">
      <Filter>Utils</Filter>
    </ClInclude>
    <ClInclude Include="utils\Timer.h">
      <Filter>Utils</Filter>
    </ClInclude>
    <ClInclude Include="demos\InitDemo.h">
      <Filter>Demos</Filter>
    </ClInclude>
    <ClInclude Include="d3dx11effect.h">
      <Filter>头文件</Filter>
    </ClInclude>
    <ClInclude Include="utils\PolygonBuilder.h">
      <Filter>Utils</Filter>
    </ClInclude>
    <ClInclude Include="utils\CoreEffect.h">
      <Filter>Utils</Filter>
    </ClInclude>
    <ClInclude Include="utils\BasicCamera.h">
      <Filter>Utils</Filter>
    </ClInclude>
    <ClInclude Include="demos\texDemo.h">
      <Filter>Demos</Filter>
    </ClInclude>
  </ItemGroup>
  <ItemGroup>
    <CustomBuild Include="hlsl\shape.fx">
      <Filter>Effects</Filter>
    </CustomBuild>
    <CustomBuild Include="hlsl\texbox.fx">
      <Filter>Effects</Filter>
    </CustomBuild>
    <CustomBuild Include="hlsl\hills.fx">
      <Filter>Effects</Filter>
    </CustomBuild>
    <CustomBuild Include="hlsl\water.fx">
      <Filter>Effects</Filter>
    </CustomBuild>
    <CustomBuild Include="hlsl\fire.fx">
      <Filter>Effects</Filter>
    </CustomBuild>
  </ItemGroup>
  <ItemGroup>
    <None Include="hlsl\EffectTools.fx">
      <Filter>Effects</Filter>
    </None>
  </ItemGroup>
</Project>